# THIS IS AN AUTOGENERATED FILE. DO NOT EDIT THIS FILE DIRECTLY.
# yarn lockfile v1
bindings@^1.2.1:
  version "1.2.1"
  resolved "https://registry.yarnpkg.com/bindings/-/bindings-1.2.1.tgz#14ad6113812d2d37d72e67b4cacb4bb726505f11"

hoek@^4.0.1, hoek@4.x.x:
  version "4.1.1"
  resolved "https://registry.yarnpkg.com/hoek/-/hoek-4.1.1.tgz#9cc573ffba2b7b408fb5e9c2a13796be94cddce9"

isemail@2.x.x:
  version "2.2.1"
  resolved "https://registry.yarnpkg.com/isemail/-/isemail-2.2.1.tgz#0353d3d9a62951080c262c2aa0a42b8ea8e9e2a6"

items@2.x.x:
  version "2.1.1"
  resolved "https://registry.yarnpkg.com/items/-/items-2.1.1.tgz#8bd16d9c83b19529de5aea321acaada78364a198"

joi@^9.0.4:
  version "9.2.0"
  resolved "https://registry.yarnpkg.com/joi/-/joi-9.2.0.tgz#3385ac790192130cbe230e802ec02c9215bbfeda"
  dependencies:
    hoek "4.x.x"
    isemail "2.x.x"
    items "2.x.x"
    moment "2.x.x"
    topo "2.x.x"

lodash@^4.0.0:
  version "4.17.4"
  resolved "https://registry.yarnpkg.com/lodash/-/lodash-4.17.4.tgz#78203a4d1c328ae1d86dca6460e369b57f4055ae"

moment@2.x.x:
  version "2.18.1"
  resolved "https://registry.yarnpkg.com/moment/-/moment-2.18.1.tgz#c36193dd3ce1c2eed2adb7c802dbbc77a81b1c0f"

nan@^2.3.5:
  version "2.6.2"
  resolved "https://registry.yarnpkg.com/nan/-/nan-2.6.2.tgz#e4ff34e6c95fdfb5aecc08de6596f43605a7db45"

node-expat@^2.3.15:
  version "2.3.15"
  resolved "https://registry.yarnpkg.com/node-expat/-/node-expat-2.3.15.tgz#96a53a0bc00649daf78f4fc074a23e644c223b4c"
  dependencies:
    bindings "^1.2.1"
    nan "^2.3.5"

sax@>=0.6.0:
  version "1.2.2"
  resolved "https://registry.yarnpkg.com/sax/-/sax-1.2.2.tgz#fd8631a23bc7826bef5d871bdb87378c95647828"

topo@2.x.x:
  version "2.0.2"
  resolved "https://registry.yarnpkg.com/topo/-/topo-2.0.2.tgz#cd5615752539057c0dc0491a621c3bc6fbe1d182"
  dependencies:
    hoek "4.x.x"

xml2js:
  version "0.4.17"
  resolved "https://registry.yarnpkg.com/xml2js/-/xml2js-0.4.17.tgz#17be93eaae3f3b779359c795b419705a8817e868"
  dependencies:
    sax ">=0.6.0"
    xmlbuilder "^4.1.0"

xml2json:
  version "0.11.0"
  resolved "https://registry.yarnpkg.com/xml2json/-/xml2json-0.11.0.tgz#1d54f1d868dbbd04892b845d7cbad94c528e16e4"
  dependencies:
    hoek "^4.0.1"
    joi "^9.0.4"
    node-expat "^2.3.15"

xmlbuilder@^4.1.0:
  version "4.2.1"
  resolved "https://registry.yarnpkg.com/xmlbuilder/-/xmlbuilder-4.2.1.tgz#aa58a3041a066f90eaa16c2f5389ff19f3f461a5"
  dependencies:
    lodash "^4.0.0"

